
Microsoft Visual Studio Solution File, Format Version 12.00
# Visual Studio Version 17
VisualStudioVersion = 17.11.35327.3
MinimumVisualStudioVersion = 10.0.40219.1
Project("{FAE04EC0-301F-11D3-BF4B-00C04F79EFBC}") = "E-CommerceAPI", "E-CommerceAPI\E-CommerceAPI.csproj", "{DFEAF7B0-4005-44B0-8C77-AF207C668441}"
EndProject
Project("{FAE04EC0-301F-11D3-BF4B-00C04F79EFBC}") = "Store.DAL", "Store.DAL\Store.DAL.csproj", "{79CE37A7-EAC4-4A92-9559-E527B0B76D69}"
EndProject
Project("{FAE04EC0-301F-11D3-BF4B-00C04F79EFBC}") = "Store.Repository", "Store.Repository\Store.Repository.csproj", "{DEB2C1F5-B237-4DBC-A77F-265A2DA2ABA5}"
EndProject
Project("{FAE04EC0-301F-11D3-BF4B-00C04F79EFBC}") = "Store.Service", "Store.Service\Store.Service.csproj", "{4C0B6D69-CA93-4C7A-8164-F40DEA3428E0}"
EndProject
Global
	GlobalSection(SolutionConfigurationPlatforms) = preSolution
		Debug|Any CPU = Debug|Any CPU
		Release|Any CPU = Release|Any CPU
	EndGlobalSection
	GlobalSection(ProjectConfigurationPlatforms) = postSolution
		{DFEAF7B0-4005-44B0-8C77-AF207C668441}.Debug|Any CPU.ActiveCfg = Debug|Any CPU
		{DFEAF7B0-4005-44B0-8C77-AF207C668441}.Debug|Any CPU.Build.0 = Debug|Any CPU
		{DFEAF7B0-4005-44B0-8C77-AF207C668441}.Release|Any CPU.ActiveCfg = Release|Any CPU
		{DFEAF7B0-4005-44B0-8C77-AF207C668441}.Release|Any CPU.Build.0 = Release|Any CPU
		{79CE37A7-EAC4-4A92-9559-E527B0B76D69}.Debug|Any CPU.ActiveCfg = Debug|Any CPU
		{79CE37A7-EAC4-4A92-9559-E527B0B76D69}.Debug|Any CPU.Build.0 = Debug|Any CPU
		{79CE37A7-EAC4-4A92-9559-E527B0B76D69}.Release|Any CPU.ActiveCfg = Release|Any CPU
		{79CE37A7-EAC4-4A92-9559-E527B0B76D69}.Release|Any CPU.Build.0 = Release|Any CPU
		{DEB2C1F5-B237-4DBC-A77F-265A2DA2ABA5}.Debug|Any CPU.ActiveCfg = Debug|Any CPU
		{DEB2C1F5-B237-4DBC-A77F-265A2DA2ABA5}.Debug|Any CPU.Build.0 = Debug|Any CPU
		{DEB2C1F5-B237-4DBC-A77F-265A2DA2ABA5}.Release|Any CPU.ActiveCfg = Release|Any CPU
		{DEB2C1F5-B237-4DBC-A77F-265A2DA2ABA5}.Release|Any CPU.Build.0 = Release|Any CPU
		{4C0B6D69-CA93-4C7A-8164-F40DEA3428E0}.Debug|Any CPU.ActiveCfg = Debug|Any CPU
		{4C0B6D69-CA93-4C7A-8164-F40DEA3428E0}.Debug|Any CPU.Build.0 = Debug|Any CPU
		{4C0B6D69-CA93-4C7A-8164-F40DEA3428E0}.Release|Any CPU.ActiveCfg = Release|Any CPU
		{4C0B6D69-CA93-4C7A-8164-F40DEA3428E0}.Release|Any CPU.Build.0 = Release|Any CPU
	EndGlobalSection
	GlobalSection(SolutionProperties) = preSolution
		HideSolutionNode = FALSE
	EndGlobalSection
	GlobalSection(ExtensibilityGlobals) = postSolution
		SolutionGuid = {4EAD9D9B-82B0-45D4-9AEB-96B2B1F1DA4D}
	EndGlobalSection
EndGlobal
